// !$*UTF8*$!
{
	archiveVersion = 1;
	classes = {
	};
	objectVersion = 50;
	objects = {

/* Begin PBXBuildFile section */
		7ABBF1E623135407003DC9B5 /* AppDelegate.swift in Sources */ = {isa = PBXBuildFile; fileRef = 7ABBF1E523135407003DC9B5 /* AppDelegate.swift */; };
		7ABBF1E823135407003DC9B5 /* MainViewController.swift in Sources */ = {isa = PBXBuildFile; fileRef = 7ABBF1E723135407003DC9B5 /* MainViewController.swift */; };
		7ABBF1ED23135408003DC9B5 /* Assets.xcassets in Resources */ = {isa = PBXBuildFile; fileRef = 7ABBF1EC23135408003DC9B5 /* Assets.xcassets */; };
		7ABBF1F023135408003DC9B5 /* LaunchScreen.storyboard in Resources */ = {isa = PBXBuildFile; fileRef = 7ABBF1EE23135408003DC9B5 /* LaunchScreen.storyboard */; };
		7ABBF1F823135560003DC9B5 /* TabBarController.swift in Sources */ = {isa = PBXBuildFile; fileRef = 7ABBF1F723135560003DC9B5 /* TabBarController.swift */; };
		7ABBF1FA23135652003DC9B5 /* Colors.swift in Sources */ = {isa = PBXBuildFile; fileRef = 7ABBF1F923135652003DC9B5 /* Colors.swift */; };
		7ABBF1FE2313605E003DC9B5 /* MainPlaceCell.swift in Sources */ = {isa = PBXBuildFile; fileRef = 7ABBF1FD2313605E003DC9B5 /* MainPlaceCell.swift */; };
		7ABBF200231693FD003DC9B5 /* Extensions.swift in Sources */ = {isa = PBXBuildFile; fileRef = 7ABBF1FF231693FD003DC9B5 /* Extensions.swift */; };
		7ABBF2022317EDE9003DC9B5 /* NavigationController.swift in Sources */ = {isa = PBXBuildFile; fileRef = 7ABBF2012317EDE9003DC9B5 /* NavigationController.swift */; };
/* End PBXBuildFile section */

/* Begin PBXFileReference section */
		7ABBF1E223135407003DC9B5 /* HookahPlaces.app */ = {isa = PBXFileReference; explicitFileType = wrapper.application; includeInIndex = 0; path = HookahPlaces.app; sourceTree = BUILT_PRODUCTS_DIR; };
		7ABBF1E523135407003DC9B5 /* AppDelegate.swift */ = {isa = PBXFileReference; lastKnownFileType = sourcecode.swift; path = AppDelegate.swift; sourceTree = "<group>"; };
		7ABBF1E723135407003DC9B5 /* MainViewController.swift */ = {isa = PBXFileReference; lastKnownFileType = sourcecode.swift; path = MainViewController.swift; sourceTree = "<group>"; };
		7ABBF1EC23135408003DC9B5 /* Assets.xcassets */ = {isa = PBXFileReference; lastKnownFileType = folder.assetcatalog; path = Assets.xcassets; sourceTree = "<group>"; };
		7ABBF1EF23135408003DC9B5 /* Base */ = {isa = PBXFileReference; lastKnownFileType = file.storyboard; name = Base; path = Base.lproj/LaunchScreen.storyboard; sourceTree = "<group>"; };
		7ABBF1F123135408003DC9B5 /* Info.plist */ = {isa = PBXFileReference; lastKnownFileType = text.plist.xml; path = Info.plist; sourceTree = "<group>"; };
		7ABBF1F723135560003DC9B5 /* TabBarController.swift */ = {isa = PBXFileReference; lastKnownFileType = sourcecode.swift; path = TabBarController.swift; sourceTree = "<group>"; };
		7ABBF1F923135652003DC9B5 /* Colors.swift */ = {isa = PBXFileReference; lastKnownFileType = sourcecode.swift; path = Colors.swift; sourceTree = "<group>"; };
		7ABBF1FD2313605E003DC9B5 /* MainPlaceCell.swift */ = {isa = PBXFileReference; lastKnownFileType = sourcecode.swift; path = MainPlaceCell.swift; sourceTree = "<group>"; };
		7ABBF1FF231693FD003DC9B5 /* Extensions.swift */ = {isa = PBXFileReference; lastKnownFileType = sourcecode.swift; path = Extensions.swift; sourceTree = "<group>"; };
		7ABBF2012317EDE9003DC9B5 /* NavigationController.swift */ = {isa = PBXFileReference; lastKnownFileType = sourcecode.swift; path = NavigationController.swift; sourceTree = "<group>"; };
/* End PBXFileReference section */

/* Begin PBXFrameworksBuildPhase section */
		7ABBF1DF23135407003DC9B5 /* Frameworks */ = {
			isa = PBXFrameworksBuildPhase;
			buildActionMask = 2147483647;
			files = (
			);
			runOnlyForDeploymentPostprocessing = 0;
		};
/* End PBXFrameworksBuildPhase section */

/* Begin PBXGroup section */
		7A5EF79D238B9AF1003ABC29 /* Main */ = {
			isa = PBXGroup;
			children = (
				7ABBF1E723135407003DC9B5 /* MainViewController.swift */,
				7ABBF1FD2313605E003DC9B5 /* MainPlaceCell.swift */,
			);
			path = Main;
			sourceTree = "<group>";
		};
		7A5EF79E238B9AFA003ABC29 /* Search */ = {
			isa = PBXGroup;
			children = (
			);
			path = Search;
			sourceTree = "<group>";
		};
		7A5EF79F238B9B06003ABC29 /* Settings */ = {
			isa = PBXGroup;
			children = (
			);
			path = Settings;
			sourceTree = "<group>";
		};
		7ABBF1D923135407003DC9B5 = {
			isa = PBXGroup;
			children = (
				7ABBF1E423135407003DC9B5 /* HookahPlaces */,
				7ABBF1E323135407003DC9B5 /* Products */,
			);
			sourceTree = "<group>";
		};
		7ABBF1E323135407003DC9B5 /* Products */ = {
			isa = PBXGroup;
			children = (
				7ABBF1E223135407003DC9B5 /* HookahPlaces.app */,
			);
			name = Products;
			sourceTree = "<group>";
		};
		7ABBF1E423135407003DC9B5 /* HookahPlaces */ = {
			isa = PBXGroup;
			children = (
				7ABBF1FC23135F57003DC9B5 /* Utils */,
				7ABBF1FB23135F4C003DC9B5 /* Main */,
				7ABBF1F123135408003DC9B5 /* Info.plist */,
			);
			path = HookahPlaces;
			sourceTree = "<group>";
		};
		7ABBF1FB23135F4C003DC9B5 /* Main */ = {
			isa = PBXGroup;
			children = (
				7A5EF79F238B9B06003ABC29 /* Settings */,
				7A5EF79E238B9AFA003ABC29 /* Search */,
				7A5EF79D238B9AF1003ABC29 /* Main */,
				7ABBF1F723135560003DC9B5 /* TabBarController.swift */,
				7ABBF2012317EDE9003DC9B5 /* NavigationController.swift */,
			);
			path = Main;
			sourceTree = "<group>";
		};
		7ABBF1FC23135F57003DC9B5 /* Utils */ = {
			isa = PBXGroup;
			children = (
				7ABBF1F923135652003DC9B5 /* Colors.swift */,
				7ABBF1E523135407003DC9B5 /* AppDelegate.swift */,
				7ABBF1EC23135408003DC9B5 /* Assets.xcassets */,
				7ABBF1EE23135408003DC9B5 /* LaunchScreen.storyboard */,
				7ABBF1FF231693FD003DC9B5 /* Extensions.swift */,
			);
			path = Utils;
			sourceTree = "<group>";
		};
/* End PBXGroup section */

/* Begin PBXNativeTarget section */
		7ABBF1E123135407003DC9B5 /* HookahPlaces */ = {
			isa = PBXNativeTarget;
			buildConfigurationList = 7ABBF1F423135408003DC9B5 /* Build configuration list for PBXNativeTarget "HookahPlaces" */;
			buildPhases = (
				7ABBF1DE23135407003DC9B5 /* Sources */,
				7ABBF1DF23135407003DC9B5 /* Frameworks */,
				7ABBF1E023135407003DC9B5 /* Resources */,
			);
			buildRules = (
			);
			dependencies = (
			);
			name = HookahPlaces;
			productName = HookahPlaces;
			productReference = 7ABBF1E223135407003DC9B5 /* HookahPlaces.app */;
			productType = "com.apple.product-type.application";
		};
/* End PBXNativeTarget section */

/* Begin PBXProject section */
		7ABBF1DA23135407003DC9B5 /* Project object */ = {
			isa = PBXProject;
			attributes = {
				LastSwiftUpdateCheck = 1020;
				LastUpgradeCheck = 1020;
				ORGANIZATIONNAME = Momotov;
				TargetAttributes = {
					7ABBF1E123135407003DC9B5 = {
						CreatedOnToolsVersion = 10.2;
					};
				};
			};
			buildConfigurationList = 7ABBF1DD23135407003DC9B5 /* Build configuration list for PBXProject "HookahPlaces" */;
			compatibilityVersion = "Xcode 9.3";
			developmentRegion = en;
			hasScannedForEncodings = 0;
			knownRegions = (
				en,
				Base,
			);
			mainGroup = 7ABBF1D923135407003DC9B5;
			productRefGroup = 7ABBF1E323135407003DC9B5 /* Products */;
			projectDirPath = "";
			projectRoot = "";
			targets = (
				7ABBF1E123135407003DC9B5 /* HookahPlaces */,
			);
		};
/* End PBXProject section */

/* Begin PBXResourcesBuildPhase section */
		7ABBF1E023135407003DC9B5 /* Resources */ = {
			isa = PBXResourcesBuildPhase;
			buildActionMask = 2147483647;
			files = (
				7ABBF1F023135408003DC9B5 /* LaunchScreen.storyboard in Resources */,
				7ABBF1ED23135408003DC9B5 /* Assets.xcassets in Resources */,
			);
			runOnlyForDeploymentPostprocessing = 0;
		};
/* End PBXResourcesBuildPhase section */

/* Begin PBXSourcesBuildPhase section */
		7ABBF1DE23135407003DC9B5 /* Sources */ = {
			isa = PBXSourcesBuildPhase;
			buildActionMask = 2147483647;
			files = (
				7ABBF2022317EDE9003DC9B5 /* NavigationController.swift in Sources */,
				7ABBF1FE2313605E003DC9B5 /* MainPlaceCell.swift in Sources */,
				7ABBF200231693FD003DC9B5 /* Extensions.swift in Sources */,
				7ABBF1E823135407003DC9B5 /* MainViewController.swift in Sources */,
				7ABBF1F823135560003DC9B5 /* TabBarController.swift in Sources */,
				7ABBF1E623135407003DC9B5 /* AppDelegate.swift in Sources */,
				7ABBF1FA23135652003DC9B5 /* Colors.swift in Sources */,
			);
			runOnlyForDeploymentPostprocessing = 0;
		};
/* End PBXSourcesBuildPhase section */

/* Begin PBXVariantGroup section */
		7ABBF1EE23135408003DC9B5 /* LaunchScreen.storyboard */ = {
			isa = PBXVariantGroup;
			children = (
				7ABBF1EF23135408003DC9B5 /* Base */,
			);
			name = LaunchScreen.storyboard;
			sourceTree = "<group>";
		};
/* End PBXVariantGroup section */

/* Begin XCBuildConfiguration section */
		7ABBF1F223135408003DC9B5 /* Debug */ = {
			isa = XCBuildConfiguration;
			buildSettings = {
				ALWAYS_SEARCH_USER_PATHS = NO;
				CLANG_ANALYZER_NONNULL = YES;
				CLANG_ANALYZER_NUMBER_OBJECT_CONVERSION = YES_AGGRESSIVE;
				CLANG_CXX_LANGUAGE_STANDARD = "gnu++14";
				CLANG_CXX_LIBRARY = "libc++";
				CLANG_ENABLE_MODULES = YES;
				CLANG_ENABLE_OBJC_ARC = YES;
				CLANG_ENABLE_OBJC_WEAK = YES;
				CLANG_WARN_BLOCK_CAPTURE_AUTORELEASING = YES;
				CLANG_WARN_BOOL_CONVERSION = YES;
				CLANG_WARN_COMMA = YES;
				CLANG_WARN_CONSTANT_CONVERSION = YES;
				CLANG_WARN_DEPRECATED_OBJC_IMPLEMENTATIONS = YES;
				CLANG_WARN_DIRECT_OBJC_ISA_USAGE = YES_ERROR;
				CLANG_WARN_DOCUMENTATION_COMMENTS = YES;
				CLANG_WARN_EMPTY_BODY = YES;
				CLANG_WARN_ENUM_CONVERSION = YES;
				CLANG_WARN_INFINITE_RECURSION = YES;
				CLANG_WARN_INT_CONVERSION = YES;
				CLANG_WARN_NON_LITERAL_NULL_CONVERSION = YES;
				CLANG_WARN_OBJC_IMPLICIT_RETAIN_SELF = YES;
				CLANG_WARN_OBJC_LITERAL_CONVERSION = YES;
				CLANG_WARN_OBJC_ROOT_CLASS = YES_ERROR;
				CLANG_WARN_RANGE_LOOP_ANALYSIS = YES;
				CLANG_WARN_STRICT_PROTOTYPES = YES;
				CLANG_WARN_SUSPICIOUS_MOVE = YES;
				CLANG_WARN_UNGUARDED_AVAILABILITY = YES_AGGRESSIVE;
				CLANG_WARN_UNREACHABLE_CODE = YES;
				CLANG_WARN__DUPLICATE_METHOD_MATCH = YES;
				CODE_SIGN_IDENTITY = "iPhone Developer";
				COPY_PHASE_STRIP = NO;
				DEBUG_INFORMATION_FORMAT = dwarf;
				ENABLE_STRICT_OBJC_MSGSEND = YES;
				ENABLE_TESTABILITY = YES;
				GCC_C_LANGUAGE_STANDARD = gnu11;
				GCC_DYNAMIC_NO_PIC = NO;
				GCC_NO_COMMON_BLOCKS = YES;
				GCC_OPTIMIZATION_LEVEL = 0;
				GCC_PREPROCESSOR_DEFINITIONS = (
					"DEBUG=1",
					"$(inherited)",
				);
				GCC_WARN_64_TO_32_BIT_CONVERSION = YES;
				GCC_WARN_ABOUT_RETURN_TYPE = YES_ERROR;
				GCC_WARN_UNDECLARED_SELECTOR = YES;
				GCC_WARN_UNINITIALIZED_AUTOS = YES_AGGRESSIVE;
				GCC_WARN_UNUSED_FUNCTION = YES;
				GCC_WARN_UNUSED_VARIABLE = YES;
				IPHONEOS_DEPLOYMENT_TARGET = 12.2;
				MTL_ENABLE_DEBUG_INFO = INCLUDE_SOURCE;
				MTL_FAST_MATH = YES;
				ONLY_ACTIVE_ARCH = YES;
				SDKROOT = iphoneos;
				SWIFT_ACTIVE_COMPILATION_CONDITIONS = DEBUG;
				SWIFT_OPTIMIZATION_LEVEL = "-Onone";
			};
			name = Debug;
		};
		7ABBF1F323135408003DC9B5 /* Release */ = {
			isa = XCBuildConfiguration;
			buildSettings = {
				ALWAYS_SEARCH_USER_PATHS = NO;
				CLANG_ANALYZER_NONNULL = YES;
				CLANG_ANALYZER_NUMBER_OBJECT_CONVERSION = YES_AGGRESSIVE;
				CLANG_CXX_LANGUAGE_STANDARD = "gnu++14";
				CLANG_CXX_LIBRARY = "libc++";
				CLANG_ENABLE_MODULES = YES;
				CLANG_ENABLE_OBJC_ARC = YES;
				CLANG_ENABLE_OBJC_WEAK = YES;
				CLANG_WARN_BLOCK_CAPTURE_AUTORELEASING = YES;
				CLANG_WARN_BOOL_CONVERSION = YES;
				CLANG_WARN_COMMA = YES;
				CLANG_WARN_CONSTANT_CONVERSION = YES;
				CLANG_WARN_DEPRECATED_OBJC_IMPLEMENTATIONS = YES;
				CLANG_WARN_DIRECT_OBJC_ISA_USAGE = YES_ERROR;
				CLANG_WARN_DOCUMENTATION_COMMENTS = YES;
				CLANG_WARN_EMPTY_BODY = YES;
				CLANG_WARN_ENUM_CONVERSION = YES;
				CLANG_WARN_INFINITE_RECURSION = YES;
				CLANG_WARN_INT_CONVERSION = YES;
				CLANG_WARN_NON_LITERAL_NULL_CONVERSION = YES;
				CLANG_WARN_OBJC_IMPLICIT_RETAIN_SELF = YES;
				CLANG_WARN_OBJC_LITERAL_CONVERSION = YES;
				CLANG_WARN_OBJC_ROOT_CLASS = YES_ERROR;
				CLANG_WARN_RANGE_LOOP_ANALYSIS = YES;
				CLANG_WARN_STRICT_PROTOTYPES = YES;
				CLANG_WARN_SUSPICIOUS_MOVE = YES;
				CLANG_WARN_UNGUARDED_AVAILABILITY = YES_AGGRESSIVE;
				CLANG_WARN_UNREACHABLE_CODE = YES;
				CLANG_WARN__DUPLICATE_METHOD_MATCH = YES;
				CODE_SIGN_IDENTITY = "iPhone Developer";
				COPY_PHASE_STRIP = NO;
				DEBUG_INFORMATION_FORMAT = "dwarf-with-dsym";
				ENABLE_NS_ASSERTIONS = NO;
				ENABLE_STRICT_OBJC_MSGSEND = YES;
				GCC_C_LANGUAGE_STANDARD = gnu11;
				GCC_NO_COMMON_BLOCKS = YES;
				GCC_WARN_64_TO_32_BIT_CONVERSION = YES;
				GCC_WARN_ABOUT_RETURN_TYPE = YES_ERROR;
				GCC_WARN_UNDECLARED_SELECTOR = YES;
				GCC_WARN_UNINITIALIZED_AUTOS = YES_AGGRESSIVE;
				GCC_WARN_UNUSED_FUNCTION = YES;
				GCC_WARN_UNUSED_VARIABLE = YES;
				IPHONEOS_DEPLOYMENT_TARGET = 12.2;
				MTL_ENABLE_DEBUG_INFO = NO;
				MTL_FAST_MATH = YES;
				SDKROOT = iphoneos;
				SWIFT_COMPILATION_MODE = wholemodule;
				SWIFT_OPTIMIZATION_LEVEL = "-O";
				VALIDATE_PRODUCT = YES;
			};
			name = Release;
		};
		7ABBF1F523135408003DC9B5 /* Debug */ = {
			isa = XCBuildConfiguration;
			buildSettings = {
				ASSETCATALOG_COMPILER_APPICON_NAME = AppIcon;
				CODE_SIGN_STYLE = Automatic;
				DEVELOPMENT_TEAM = C859L9UR93;
				INFOPLIST_FILE = HookahPlaces/Info.plist;
				IPHONEOS_DEPLOYMENT_TARGET = 11.0;
				LD_RUNPATH_SEARCH_PATHS = (
					"$(inherited)",
					"@executable_path/Frameworks",
				);
				PRODUCT_BUNDLE_IDENTIFIER = ru.momotov.HookahPlaces;
				PRODUCT_NAME = "$(TARGET_NAME)";
				SWIFT_VERSION = 5.0;
				TARGETED_DEVICE_FAMILY = 1;
			};
			name = Debug;
		};
		7ABBF1F623135408003DC9B5 /* Release */ = {
			isa = XCBuildConfiguration;
			buildSettings = {
				ASSETCATALOG_COMPILER_APPICON_NAME = AppIcon;
				CODE_SIGN_STYLE = Automatic;
				DEVELOPMENT_TEAM = C859L9UR93;
				INFOPLIST_FILE = HookahPlaces/Info.plist;
				IPHONEOS_DEPLOYMENT_TARGET = 11.0;
				LD_RUNPATH_SEARCH_PATHS = (
					"$(inherited)",
					"@executable_path/Frameworks",
				);
				PRODUCT_BUNDLE_IDENTIFIER = ru.momotov.hookah;
				PRODUCT_NAME = "$(TARGET_NAME)";
				SWIFT_VERSION = 5.0;
				TARGETED_DEVICE_FAMILY = 1;
			};
			name = Release;
		};
/* End XCBuildConfiguration section */

/* Begin XCConfigurationList section */
		7ABBF1DD23135407003DC9B5 /* Build configuration list for PBXProject "HookahPlaces" */ = {
			isa = XCConfigurationList;
			buildConfigurations = (
				7ABBF1F223135408003DC9B5 /* Debug */,
				7ABBF1F323135408003DC9B5 /* Release */,
			);
			defaultConfigurationIsVisible = 0;
			defaultConfigurationName = Release;
		};
		7ABBF1F423135408003DC9B5 /* Build configuration list for PBXNativeTarget "HookahPlaces" */ = {
			isa = XCConfigurationList;
			buildConfigurations = (
				7ABBF1F523135408003DC9B5 /* Debug */,
				7ABBF1F623135408003DC9B5 /* Release */,
			);
			defaultConfigurationIsVisible = 0;
			defaultConfigurationName = Release;
		};
/* End XCConfigurationList section */
	};
	rootObject = 7ABBF1DA23135407003DC9B5 /* Project object */;
}
