// !$*UTF8*$!
{
	archiveVersion = 1;
	classes = {
	};
	objectVersion = 51;
	objects = {

/* Begin PBXBuildFile section */
		43EB95ED8D12D85BA41597EE /* Pods_HookahPlaces.framework in Frameworks */ = {isa = PBXBuildFile; fileRef = 9E2C37203F57401A7ACB5D62 /* Pods_HookahPlaces.framework */; };
		7A02D66523926C5F00AF82D1 /* UIColor.swift in Sources */ = {isa = PBXBuildFile; fileRef = 7A02D66423926C5F00AF82D1 /* UIColor.swift */; };
		7A02D6692392C1B100AF82D1 /* DetailPlaceInfoView.swift in Sources */ = {isa = PBXBuildFile; fileRef = 7A02D6682392C1B100AF82D1 /* DetailPlaceInfoView.swift */; };
		7A4842A2238C25C60002648E /* MainRatingView.swift in Sources */ = {isa = PBXBuildFile; fileRef = 7A4842A1238C25C60002648E /* MainRatingView.swift */; };
		7A4842A5238C29690002648E /* Place.swift in Sources */ = {isa = PBXBuildFile; fileRef = 7A4842A4238C29690002648E /* Place.swift */; };
		7A4842A8238C2A890002648E /* RealmService.swift in Sources */ = {isa = PBXBuildFile; fileRef = 7A4842A7238C2A890002648E /* RealmService.swift */; };
		7A5A9A4B238B9C7D00795EEF /* SearchViewController.swift in Sources */ = {isa = PBXBuildFile; fileRef = 7A5A9A4A238B9C7D00795EEF /* SearchViewController.swift */; };
		7A5A9A4D238B9C9C00795EEF /* MainPresenter.swift in Sources */ = {isa = PBXBuildFile; fileRef = 7A5A9A4C238B9C9C00795EEF /* MainPresenter.swift */; };
		7A6B484123918E2700F352C7 /* DetailPlaceAdditionalDataCell.swift in Sources */ = {isa = PBXBuildFile; fileRef = 7A6B484023918E2700F352C7 /* DetailPlaceAdditionalDataCell.swift */; };
		7A6B484323918F9E00F352C7 /* DetailPlaceAdditionalViewModel.swift in Sources */ = {isa = PBXBuildFile; fileRef = 7A6B484223918F9E00F352C7 /* DetailPlaceAdditionalViewModel.swift */; };
		7A6B48452391915700F352C7 /* PlaceAdditional.swift in Sources */ = {isa = PBXBuildFile; fileRef = 7A6B48442391915700F352C7 /* PlaceAdditional.swift */; };
		7A6B48522391959600F352C7 /* Font.swift in Sources */ = {isa = PBXBuildFile; fileRef = 7A6B48512391959600F352C7 /* Font.swift */; };
		7A6B485423919A2C00F352C7 /* DetailPlaceMapCell.swift in Sources */ = {isa = PBXBuildFile; fileRef = 7A6B485323919A2C00F352C7 /* DetailPlaceMapCell.swift */; };
		7A6B485623919A4100F352C7 /* DetailPlaceMapViewModel.swift in Sources */ = {isa = PBXBuildFile; fileRef = 7A6B485523919A4100F352C7 /* DetailPlaceMapViewModel.swift */; };
		7A8CD876238F948600B7109F /* DetailPlaceViewController.swift in Sources */ = {isa = PBXBuildFile; fileRef = 7A8CD875238F948600B7109F /* DetailPlaceViewController.swift */; };
		7A8CD878238F94C300B7109F /* DetailPlacePresenter.swift in Sources */ = {isa = PBXBuildFile; fileRef = 7A8CD877238F94C300B7109F /* DetailPlacePresenter.swift */; };
		7A8CD87B238F967200B7109F /* DetailPlaceHeaderCell.swift in Sources */ = {isa = PBXBuildFile; fileRef = 7A8CD87A238F967200B7109F /* DetailPlaceHeaderCell.swift */; };
		7A94B567238CEECE008B7AC2 /* MapViewController.swift in Sources */ = {isa = PBXBuildFile; fileRef = 7A94B566238CEECE008B7AC2 /* MapViewController.swift */; };
		7A94B569238CEF4A008B7AC2 /* MapPresenter.swift in Sources */ = {isa = PBXBuildFile; fileRef = 7A94B568238CEF4A008B7AC2 /* MapPresenter.swift */; };
		7A94B574238D7312008B7AC2 /* MapPlaceView.swift in Sources */ = {isa = PBXBuildFile; fileRef = 7A94B573238D7312008B7AC2 /* MapPlaceView.swift */; };
		7A94B576238DA7B2008B7AC2 /* PlacePointAnnotation.swift in Sources */ = {isa = PBXBuildFile; fileRef = 7A94B575238DA7B2008B7AC2 /* PlacePointAnnotation.swift */; };
		7A94B578238DA95B008B7AC2 /* LocationService.swift in Sources */ = {isa = PBXBuildFile; fileRef = 7A94B577238DA95B008B7AC2 /* LocationService.swift */; };
		7A94B57A238EADBE008B7AC2 /* TypeSortPlaces.swift in Sources */ = {isa = PBXBuildFile; fileRef = 7A94B579238EADBE008B7AC2 /* TypeSortPlaces.swift */; };
		7ABBF1E623135407003DC9B5 /* AppDelegate.swift in Sources */ = {isa = PBXBuildFile; fileRef = 7ABBF1E523135407003DC9B5 /* AppDelegate.swift */; };
		7ABBF1E823135407003DC9B5 /* MainViewController.swift in Sources */ = {isa = PBXBuildFile; fileRef = 7ABBF1E723135407003DC9B5 /* MainViewController.swift */; };
		7ABBF1ED23135408003DC9B5 /* Assets.xcassets in Resources */ = {isa = PBXBuildFile; fileRef = 7ABBF1EC23135408003DC9B5 /* Assets.xcassets */; };
		7ABBF1F023135408003DC9B5 /* LaunchScreen.storyboard in Resources */ = {isa = PBXBuildFile; fileRef = 7ABBF1EE23135408003DC9B5 /* LaunchScreen.storyboard */; };
		7ABBF1F823135560003DC9B5 /* TabBarController.swift in Sources */ = {isa = PBXBuildFile; fileRef = 7ABBF1F723135560003DC9B5 /* TabBarController.swift */; };
		7ABBF1FA23135652003DC9B5 /* Colors.swift in Sources */ = {isa = PBXBuildFile; fileRef = 7ABBF1F923135652003DC9B5 /* Colors.swift */; };
		7ABBF1FE2313605E003DC9B5 /* MainPlaceCell.swift in Sources */ = {isa = PBXBuildFile; fileRef = 7ABBF1FD2313605E003DC9B5 /* MainPlaceCell.swift */; };
		7ABBF200231693FD003DC9B5 /* Extensions.swift in Sources */ = {isa = PBXBuildFile; fileRef = 7ABBF1FF231693FD003DC9B5 /* Extensions.swift */; };
		7ABBF2022317EDE9003DC9B5 /* NavigationController.swift in Sources */ = {isa = PBXBuildFile; fileRef = 7ABBF2012317EDE9003DC9B5 /* NavigationController.swift */; };
		7AC50B6A238BA55600117C8D /* SearchPresenter.swift in Sources */ = {isa = PBXBuildFile; fileRef = 7AC50B69238BA55600117C8D /* SearchPresenter.swift */; };
		7AC50B6C238BA5DC00117C8D /* SettingsViewController.swift in Sources */ = {isa = PBXBuildFile; fileRef = 7AC50B6B238BA5DC00117C8D /* SettingsViewController.swift */; };
		7AC50B6E238BA63000117C8D /* SettingsPresenter.swift in Sources */ = {isa = PBXBuildFile; fileRef = 7AC50B6D238BA63000117C8D /* SettingsPresenter.swift */; };
		7AC50B71238BAFA000117C8D /* MainDistanceView.swift in Sources */ = {isa = PBXBuildFile; fileRef = 7AC50B70238BAFA000117C8D /* MainDistanceView.swift */; };
		8689D8482390E80900FC3E84 /* DetailPlaceHeaderViewModel.swift in Sources */ = {isa = PBXBuildFile; fileRef = 8689D8472390E80900FC3E84 /* DetailPlaceHeaderViewModel.swift */; };
		8689D84A2390E82E00FC3E84 /* DetailPlaceCellViewModelProtocol.swift in Sources */ = {isa = PBXBuildFile; fileRef = 8689D8492390E82E00FC3E84 /* DetailPlaceCellViewModelProtocol.swift */; };
		8689D84C2390E98800FC3E84 /* DetailPlaceCellProtocol.swift in Sources */ = {isa = PBXBuildFile; fileRef = 8689D84B2390E98800FC3E84 /* DetailPlaceCellProtocol.swift */; };
		8689D84E2390EE7500FC3E84 /* DetailPlaceRatingCell.swift in Sources */ = {isa = PBXBuildFile; fileRef = 8689D84D2390EE7500FC3E84 /* DetailPlaceRatingCell.swift */; };
		8689D8512390F26B00FC3E84 /* ProgressRatingView.swift in Sources */ = {isa = PBXBuildFile; fileRef = 8689D8502390F26B00FC3E84 /* ProgressRatingView.swift */; };
		8689D8532390FA2100FC3E84 /* RatingPlace.swift in Sources */ = {isa = PBXBuildFile; fileRef = 8689D8522390FA2100FC3E84 /* RatingPlace.swift */; };
		8689D8582390FC9300FC3E84 /* PrimaryButton.swift in Sources */ = {isa = PBXBuildFile; fileRef = 8689D8572390FC9300FC3E84 /* PrimaryButton.swift */; };
		8689D85A2390FD1200FC3E84 /* OutlinedButton.swift in Sources */ = {isa = PBXBuildFile; fileRef = 8689D8592390FD1200FC3E84 /* OutlinedButton.swift */; };
		8689D85C2391019000FC3E84 /* DetailPlaceRatingViewModel.swift in Sources */ = {isa = PBXBuildFile; fileRef = 8689D85B2391019000FC3E84 /* DetailPlaceRatingViewModel.swift */; };
/* End PBXBuildFile section */

/* Begin PBXFileReference section */
		488D707BFB37BE3B288948A2 /* Pods-HookahPlaces.debug.xcconfig */ = {isa = PBXFileReference; includeInIndex = 1; lastKnownFileType = text.xcconfig; name = "Pods-HookahPlaces.debug.xcconfig"; path = "Target Support Files/Pods-HookahPlaces/Pods-HookahPlaces.debug.xcconfig"; sourceTree = "<group>"; };
		591A602B1300C13596E8EAAA /* Pods-HookahPlaces.release.xcconfig */ = {isa = PBXFileReference; includeInIndex = 1; lastKnownFileType = text.xcconfig; name = "Pods-HookahPlaces.release.xcconfig"; path = "Target Support Files/Pods-HookahPlaces/Pods-HookahPlaces.release.xcconfig"; sourceTree = "<group>"; };
		7A02D66423926C5F00AF82D1 /* UIColor.swift */ = {isa = PBXFileReference; lastKnownFileType = sourcecode.swift; path = UIColor.swift; sourceTree = "<group>"; };
		7A02D6682392C1B100AF82D1 /* DetailPlaceInfoView.swift */ = {isa = PBXFileReference; lastKnownFileType = sourcecode.swift; path = DetailPlaceInfoView.swift; sourceTree = "<group>"; };
		7A4842A1238C25C60002648E /* MainRatingView.swift */ = {isa = PBXFileReference; lastKnownFileType = sourcecode.swift; path = MainRatingView.swift; sourceTree = "<group>"; };
		7A4842A4238C29690002648E /* Place.swift */ = {isa = PBXFileReference; lastKnownFileType = sourcecode.swift; path = Place.swift; sourceTree = "<group>"; };
		7A4842A7238C2A890002648E /* RealmService.swift */ = {isa = PBXFileReference; lastKnownFileType = sourcecode.swift; path = RealmService.swift; sourceTree = "<group>"; };
		7A5A9A4A238B9C7D00795EEF /* SearchViewController.swift */ = {isa = PBXFileReference; lastKnownFileType = sourcecode.swift; path = SearchViewController.swift; sourceTree = "<group>"; };
		7A5A9A4C238B9C9C00795EEF /* MainPresenter.swift */ = {isa = PBXFileReference; lastKnownFileType = sourcecode.swift; path = MainPresenter.swift; sourceTree = "<group>"; };
		7A6B484023918E2700F352C7 /* DetailPlaceAdditionalDataCell.swift */ = {isa = PBXFileReference; lastKnownFileType = sourcecode.swift; path = DetailPlaceAdditionalDataCell.swift; sourceTree = "<group>"; };
		7A6B484223918F9E00F352C7 /* DetailPlaceAdditionalViewModel.swift */ = {isa = PBXFileReference; lastKnownFileType = sourcecode.swift; path = DetailPlaceAdditionalViewModel.swift; sourceTree = "<group>"; };
		7A6B48442391915700F352C7 /* PlaceAdditional.swift */ = {isa = PBXFileReference; lastKnownFileType = sourcecode.swift; path = PlaceAdditional.swift; sourceTree = "<group>"; };
		7A6B48512391959600F352C7 /* Font.swift */ = {isa = PBXFileReference; lastKnownFileType = sourcecode.swift; path = Font.swift; sourceTree = "<group>"; };
		7A6B485323919A2C00F352C7 /* DetailPlaceMapCell.swift */ = {isa = PBXFileReference; lastKnownFileType = sourcecode.swift; path = DetailPlaceMapCell.swift; sourceTree = "<group>"; };
		7A6B485523919A4100F352C7 /* DetailPlaceMapViewModel.swift */ = {isa = PBXFileReference; lastKnownFileType = sourcecode.swift; path = DetailPlaceMapViewModel.swift; sourceTree = "<group>"; };
		7A8CD875238F948600B7109F /* DetailPlaceViewController.swift */ = {isa = PBXFileReference; lastKnownFileType = sourcecode.swift; path = DetailPlaceViewController.swift; sourceTree = "<group>"; };
		7A8CD877238F94C300B7109F /* DetailPlacePresenter.swift */ = {isa = PBXFileReference; lastKnownFileType = sourcecode.swift; path = DetailPlacePresenter.swift; sourceTree = "<group>"; };
		7A8CD87A238F967200B7109F /* DetailPlaceHeaderCell.swift */ = {isa = PBXFileReference; lastKnownFileType = sourcecode.swift; path = DetailPlaceHeaderCell.swift; sourceTree = "<group>"; };
		7A94B566238CEECE008B7AC2 /* MapViewController.swift */ = {isa = PBXFileReference; lastKnownFileType = sourcecode.swift; path = MapViewController.swift; sourceTree = "<group>"; };
		7A94B568238CEF4A008B7AC2 /* MapPresenter.swift */ = {isa = PBXFileReference; lastKnownFileType = sourcecode.swift; path = MapPresenter.swift; sourceTree = "<group>"; };
		7A94B573238D7312008B7AC2 /* MapPlaceView.swift */ = {isa = PBXFileReference; lastKnownFileType = sourcecode.swift; path = MapPlaceView.swift; sourceTree = "<group>"; };
		7A94B575238DA7B2008B7AC2 /* PlacePointAnnotation.swift */ = {isa = PBXFileReference; lastKnownFileType = sourcecode.swift; path = PlacePointAnnotation.swift; sourceTree = "<group>"; };
		7A94B577238DA95B008B7AC2 /* LocationService.swift */ = {isa = PBXFileReference; lastKnownFileType = sourcecode.swift; path = LocationService.swift; sourceTree = "<group>"; };
		7A94B579238EADBE008B7AC2 /* TypeSortPlaces.swift */ = {isa = PBXFileReference; lastKnownFileType = sourcecode.swift; path = TypeSortPlaces.swift; sourceTree = "<group>"; };
		7ABBF1E223135407003DC9B5 /* HookahPlaces.app */ = {isa = PBXFileReference; explicitFileType = wrapper.application; includeInIndex = 0; path = HookahPlaces.app; sourceTree = BUILT_PRODUCTS_DIR; };
		7ABBF1E523135407003DC9B5 /* AppDelegate.swift */ = {isa = PBXFileReference; lastKnownFileType = sourcecode.swift; path = AppDelegate.swift; sourceTree = "<group>"; };
		7ABBF1E723135407003DC9B5 /* MainViewController.swift */ = {isa = PBXFileReference; lastKnownFileType = sourcecode.swift; path = MainViewController.swift; sourceTree = "<group>"; };
		7ABBF1EC23135408003DC9B5 /* Assets.xcassets */ = {isa = PBXFileReference; lastKnownFileType = folder.assetcatalog; path = Assets.xcassets; sourceTree = "<group>"; };
		7ABBF1EF23135408003DC9B5 /* Base */ = {isa = PBXFileReference; lastKnownFileType = file.storyboard; name = Base; path = Base.lproj/LaunchScreen.storyboard; sourceTree = "<group>"; };
		7ABBF1F123135408003DC9B5 /* Info.plist */ = {isa = PBXFileReference; lastKnownFileType = text.plist.xml; path = Info.plist; sourceTree = "<group>"; };
		7ABBF1F723135560003DC9B5 /* TabBarController.swift */ = {isa = PBXFileReference; lastKnownFileType = sourcecode.swift; path = TabBarController.swift; sourceTree = "<group>"; };
		7ABBF1F923135652003DC9B5 /* Colors.swift */ = {isa = PBXFileReference; lastKnownFileType = sourcecode.swift; path = Colors.swift; sourceTree = "<group>"; };
		7ABBF1FD2313605E003DC9B5 /* MainPlaceCell.swift */ = {isa = PBXFileReference; lastKnownFileType = sourcecode.swift; path = MainPlaceCell.swift; sourceTree = "<group>"; };
		7ABBF1FF231693FD003DC9B5 /* Extensions.swift */ = {isa = PBXFileReference; lastKnownFileType = sourcecode.swift; path = Extensions.swift; sourceTree = "<group>"; };
		7ABBF2012317EDE9003DC9B5 /* NavigationController.swift */ = {isa = PBXFileReference; lastKnownFileType = sourcecode.swift; path = NavigationController.swift; sourceTree = "<group>"; };
		7AC50B69238BA55600117C8D /* SearchPresenter.swift */ = {isa = PBXFileReference; lastKnownFileType = sourcecode.swift; path = SearchPresenter.swift; sourceTree = "<group>"; };
		7AC50B6B238BA5DC00117C8D /* SettingsViewController.swift */ = {isa = PBXFileReference; lastKnownFileType = sourcecode.swift; path = SettingsViewController.swift; sourceTree = "<group>"; };
		7AC50B6D238BA63000117C8D /* SettingsPresenter.swift */ = {isa = PBXFileReference; lastKnownFileType = sourcecode.swift; path = SettingsPresenter.swift; sourceTree = "<group>"; };
		7AC50B70238BAFA000117C8D /* MainDistanceView.swift */ = {isa = PBXFileReference; lastKnownFileType = sourcecode.swift; path = MainDistanceView.swift; sourceTree = "<group>"; };
		8689D8472390E80900FC3E84 /* DetailPlaceHeaderViewModel.swift */ = {isa = PBXFileReference; lastKnownFileType = sourcecode.swift; path = DetailPlaceHeaderViewModel.swift; sourceTree = "<group>"; };
		8689D8492390E82E00FC3E84 /* DetailPlaceCellViewModelProtocol.swift */ = {isa = PBXFileReference; lastKnownFileType = sourcecode.swift; path = DetailPlaceCellViewModelProtocol.swift; sourceTree = "<group>"; };
		8689D84B2390E98800FC3E84 /* DetailPlaceCellProtocol.swift */ = {isa = PBXFileReference; lastKnownFileType = sourcecode.swift; path = DetailPlaceCellProtocol.swift; sourceTree = "<group>"; };
		8689D84D2390EE7500FC3E84 /* DetailPlaceRatingCell.swift */ = {isa = PBXFileReference; lastKnownFileType = sourcecode.swift; path = DetailPlaceRatingCell.swift; sourceTree = "<group>"; };
		8689D8502390F26B00FC3E84 /* ProgressRatingView.swift */ = {isa = PBXFileReference; lastKnownFileType = sourcecode.swift; path = ProgressRatingView.swift; sourceTree = "<group>"; };
		8689D8522390FA2100FC3E84 /* RatingPlace.swift */ = {isa = PBXFileReference; lastKnownFileType = sourcecode.swift; path = RatingPlace.swift; sourceTree = "<group>"; };
		8689D8572390FC9300FC3E84 /* PrimaryButton.swift */ = {isa = PBXFileReference; lastKnownFileType = sourcecode.swift; path = PrimaryButton.swift; sourceTree = "<group>"; };
		8689D8592390FD1200FC3E84 /* OutlinedButton.swift */ = {isa = PBXFileReference; lastKnownFileType = sourcecode.swift; path = OutlinedButton.swift; sourceTree = "<group>"; };
		8689D85B2391019000FC3E84 /* DetailPlaceRatingViewModel.swift */ = {isa = PBXFileReference; lastKnownFileType = sourcecode.swift; path = DetailPlaceRatingViewModel.swift; sourceTree = "<group>"; };
		9E2C37203F57401A7ACB5D62 /* Pods_HookahPlaces.framework */ = {isa = PBXFileReference; explicitFileType = wrapper.framework; includeInIndex = 0; path = Pods_HookahPlaces.framework; sourceTree = BUILT_PRODUCTS_DIR; };
/* End PBXFileReference section */

/* Begin PBXFrameworksBuildPhase section */
		7ABBF1DF23135407003DC9B5 /* Frameworks */ = {
			isa = PBXFrameworksBuildPhase;
			buildActionMask = 2147483647;
			files = (
				43EB95ED8D12D85BA41597EE /* Pods_HookahPlaces.framework in Frameworks */,
			);
			runOnlyForDeploymentPostprocessing = 0;
		};
/* End PBXFrameworksBuildPhase section */

/* Begin PBXGroup section */
		340A4FF68D07ACA9751BCD6E /* Frameworks */ = {
			isa = PBXGroup;
			children = (
				9E2C37203F57401A7ACB5D62 /* Pods_HookahPlaces.framework */,
			);
			name = Frameworks;
			sourceTree = "<group>";
		};
		74292F8B4188C9DFBC847EB0 /* Pods */ = {
			isa = PBXGroup;
			children = (
				488D707BFB37BE3B288948A2 /* Pods-HookahPlaces.debug.xcconfig */,
				591A602B1300C13596E8EAAA /* Pods-HookahPlaces.release.xcconfig */,
			);
			path = Pods;
			sourceTree = "<group>";
		};
		7A02D66323926C4C00AF82D1 /* Helpers */ = {
			isa = PBXGroup;
			children = (
				7A02D66423926C5F00AF82D1 /* UIColor.swift */,
			);
			path = Helpers;
			sourceTree = "<group>";
		};
		7A4842A3238C294E0002648E /* Models */ = {
			isa = PBXGroup;
			children = (
				8689D8542390FAA600FC3E84 /* Realm */,
				7A94B575238DA7B2008B7AC2 /* PlacePointAnnotation.swift */,
				7A6B48442391915700F352C7 /* PlaceAdditional.swift */,
			);
			path = Models;
			sourceTree = "<group>";
		};
		7A4842A6238C2A4B0002648E /* Services */ = {
			isa = PBXGroup;
			children = (
				7A4842A7238C2A890002648E /* RealmService.swift */,
				7A94B577238DA95B008B7AC2 /* LocationService.swift */,
			);
			path = Services;
			sourceTree = "<group>";
		};
		7A5A9A4E238B9CA200795EEF /* Cells */ = {
			isa = PBXGroup;
			children = (
				7ABBF1FD2313605E003DC9B5 /* MainPlaceCell.swift */,
			);
			path = Cells;
			sourceTree = "<group>";
		};
		7A5EF79D238B9AF1003ABC29 /* Main */ = {
			isa = PBXGroup;
			children = (
				7AC50B6F238BAF8900117C8D /* Views */,
				7A5A9A4E238B9CA200795EEF /* Cells */,
				7ABBF1E723135407003DC9B5 /* MainViewController.swift */,
				7A5A9A4C238B9C9C00795EEF /* MainPresenter.swift */,
				7A94B579238EADBE008B7AC2 /* TypeSortPlaces.swift */,
			);
			path = Main;
			sourceTree = "<group>";
		};
		7A5EF79E238B9AFA003ABC29 /* Search */ = {
			isa = PBXGroup;
			children = (
				7A5A9A4A238B9C7D00795EEF /* SearchViewController.swift */,
				7AC50B69238BA55600117C8D /* SearchPresenter.swift */,
			);
			path = Search;
			sourceTree = "<group>";
		};
		7A5EF79F238B9B06003ABC29 /* Settings */ = {
			isa = PBXGroup;
			children = (
				7AC50B6B238BA5DC00117C8D /* SettingsViewController.swift */,
				7AC50B6D238BA63000117C8D /* SettingsPresenter.swift */,
			);
			path = Settings;
			sourceTree = "<group>";
		};
		7A8CD874238F946E00B7109F /* Detail */ = {
			isa = PBXGroup;
			children = (
				8689D84F2390F23F00FC3E84 /* Views */,
				8689D8462390E7EE00FC3E84 /* ViewModels */,
				7A8CD879238F965000B7109F /* Cells */,
				7A8CD875238F948600B7109F /* DetailPlaceViewController.swift */,
				7A8CD877238F94C300B7109F /* DetailPlacePresenter.swift */,
			);
			path = Detail;
			sourceTree = "<group>";
		};
		7A8CD879238F965000B7109F /* Cells */ = {
			isa = PBXGroup;
			children = (
				7A8CD87A238F967200B7109F /* DetailPlaceHeaderCell.swift */,
				8689D84B2390E98800FC3E84 /* DetailPlaceCellProtocol.swift */,
				8689D84D2390EE7500FC3E84 /* DetailPlaceRatingCell.swift */,
				7A6B484023918E2700F352C7 /* DetailPlaceAdditionalDataCell.swift */,
				7A6B485323919A2C00F352C7 /* DetailPlaceMapCell.swift */,
			);
			path = Cells;
			sourceTree = "<group>";
		};
		7A94B565238CEEB9008B7AC2 /* Map */ = {
			isa = PBXGroup;
			children = (
				7A94B572238D72F9008B7AC2 /* Views */,
				7A94B566238CEECE008B7AC2 /* MapViewController.swift */,
				7A94B568238CEF4A008B7AC2 /* MapPresenter.swift */,
			);
			path = Map;
			sourceTree = "<group>";
		};
		7A94B572238D72F9008B7AC2 /* Views */ = {
			isa = PBXGroup;
			children = (
				7A94B573238D7312008B7AC2 /* MapPlaceView.swift */,
			);
			path = Views;
			sourceTree = "<group>";
		};
		7ABBF1D923135407003DC9B5 = {
			isa = PBXGroup;
			children = (
				7ABBF1E423135407003DC9B5 /* HookahPlaces */,
				7ABBF1E323135407003DC9B5 /* Products */,
				74292F8B4188C9DFBC847EB0 /* Pods */,
				340A4FF68D07ACA9751BCD6E /* Frameworks */,
			);
			sourceTree = "<group>";
		};
		7ABBF1E323135407003DC9B5 /* Products */ = {
			isa = PBXGroup;
			children = (
				7ABBF1E223135407003DC9B5 /* HookahPlaces.app */,
			);
			name = Products;
			sourceTree = "<group>";
		};
		7ABBF1E423135407003DC9B5 /* HookahPlaces */ = {
			isa = PBXGroup;
			children = (
				8689D8552390FC7A00FC3E84 /* Views */,
				7A4842A6238C2A4B0002648E /* Services */,
				7A4842A3238C294E0002648E /* Models */,
				7ABBF1FC23135F57003DC9B5 /* Utils */,
				7ABBF1FB23135F4C003DC9B5 /* Main */,
				7ABBF1F123135408003DC9B5 /* Info.plist */,
			);
			path = HookahPlaces;
			sourceTree = "<group>";
		};
		7ABBF1FB23135F4C003DC9B5 /* Main */ = {
			isa = PBXGroup;
			children = (
				7A8CD874238F946E00B7109F /* Detail */,
				7A94B565238CEEB9008B7AC2 /* Map */,
				7A5EF79F238B9B06003ABC29 /* Settings */,
				7A5EF79E238B9AFA003ABC29 /* Search */,
				7A5EF79D238B9AF1003ABC29 /* Main */,
				7ABBF1F723135560003DC9B5 /* TabBarController.swift */,
				7ABBF2012317EDE9003DC9B5 /* NavigationController.swift */,
			);
			path = Main;
			sourceTree = "<group>";
		};
		7ABBF1FC23135F57003DC9B5 /* Utils */ = {
			isa = PBXGroup;
			children = (
				7A02D66323926C4C00AF82D1 /* Helpers */,
				7A6B48512391959600F352C7 /* Font.swift */,
				7ABBF1F923135652003DC9B5 /* Colors.swift */,
				7ABBF1E523135407003DC9B5 /* AppDelegate.swift */,
				7ABBF1EC23135408003DC9B5 /* Assets.xcassets */,
				7ABBF1EE23135408003DC9B5 /* LaunchScreen.storyboard */,
				7ABBF1FF231693FD003DC9B5 /* Extensions.swift */,
			);
			path = Utils;
			sourceTree = "<group>";
		};
		7AC50B6F238BAF8900117C8D /* Views */ = {
			isa = PBXGroup;
			children = (
				7AC50B70238BAFA000117C8D /* MainDistanceView.swift */,
				7A4842A1238C25C60002648E /* MainRatingView.swift */,
			);
			path = Views;
			sourceTree = "<group>";
		};
		8689D8462390E7EE00FC3E84 /* ViewModels */ = {
			isa = PBXGroup;
			children = (
				8689D8472390E80900FC3E84 /* DetailPlaceHeaderViewModel.swift */,
				8689D8492390E82E00FC3E84 /* DetailPlaceCellViewModelProtocol.swift */,
				8689D85B2391019000FC3E84 /* DetailPlaceRatingViewModel.swift */,
				7A6B484223918F9E00F352C7 /* DetailPlaceAdditionalViewModel.swift */,
				7A6B485523919A4100F352C7 /* DetailPlaceMapViewModel.swift */,
			);
			path = ViewModels;
			sourceTree = "<group>";
		};
		8689D84F2390F23F00FC3E84 /* Views */ = {
			isa = PBXGroup;
			children = (
				8689D8502390F26B00FC3E84 /* ProgressRatingView.swift */,
				7A02D6682392C1B100AF82D1 /* DetailPlaceInfoView.swift */,
			);
			path = Views;
			sourceTree = "<group>";
		};
		8689D8542390FAA600FC3E84 /* Realm */ = {
			isa = PBXGroup;
			children = (
				7A4842A4238C29690002648E /* Place.swift */,
				8689D8522390FA2100FC3E84 /* RatingPlace.swift */,
			);
			path = Realm;
			sourceTree = "<group>";
		};
		8689D8552390FC7A00FC3E84 /* Views */ = {
			isa = PBXGroup;
			children = (
				8689D8562390FC8400FC3E84 /* Buttons */,
			);
			path = Views;
			sourceTree = "<group>";
		};
		8689D8562390FC8400FC3E84 /* Buttons */ = {
			isa = PBXGroup;
			children = (
				8689D8572390FC9300FC3E84 /* PrimaryButton.swift */,
				8689D8592390FD1200FC3E84 /* OutlinedButton.swift */,
			);
			path = Buttons;
			sourceTree = "<group>";
		};
/* End PBXGroup section */

/* Begin PBXNativeTarget section */
		7ABBF1E123135407003DC9B5 /* HookahPlaces */ = {
			isa = PBXNativeTarget;
			buildConfigurationList = 7ABBF1F423135408003DC9B5 /* Build configuration list for PBXNativeTarget "HookahPlaces" */;
			buildPhases = (
				B892C1FF7A30FDDB50DE707E /* [CP] Check Pods Manifest.lock */,
				7ABBF1DE23135407003DC9B5 /* Sources */,
				7ABBF1DF23135407003DC9B5 /* Frameworks */,
				7ABBF1E023135407003DC9B5 /* Resources */,
				78ED672B066EEDA88B775003 /* [CP] Embed Pods Frameworks */,
			);
			buildRules = (
			);
			dependencies = (
			);
			name = HookahPlaces;
			productName = HookahPlaces;
			productReference = 7ABBF1E223135407003DC9B5 /* HookahPlaces.app */;
			productType = "com.apple.product-type.application";
		};
/* End PBXNativeTarget section */

/* Begin PBXProject section */
		7ABBF1DA23135407003DC9B5 /* Project object */ = {
			isa = PBXProject;
			attributes = {
				LastSwiftUpdateCheck = 1020;
				LastUpgradeCheck = 1020;
				ORGANIZATIONNAME = Momotov;
				TargetAttributes = {
					7ABBF1E123135407003DC9B5 = {
						CreatedOnToolsVersion = 10.2;
					};
				};
			};
			buildConfigurationList = 7ABBF1DD23135407003DC9B5 /* Build configuration list for PBXProject "HookahPlaces" */;
			compatibilityVersion = "Xcode 9.3";
			developmentRegion = en;
			hasScannedForEncodings = 0;
			knownRegions = (
				en,
				Base,
			);
			mainGroup = 7ABBF1D923135407003DC9B5;
			productRefGroup = 7ABBF1E323135407003DC9B5 /* Products */;
			projectDirPath = "";
			projectRoot = "";
			targets = (
				7ABBF1E123135407003DC9B5 /* HookahPlaces */,
			);
		};
/* End PBXProject section */

/* Begin PBXResourcesBuildPhase section */
		7ABBF1E023135407003DC9B5 /* Resources */ = {
			isa = PBXResourcesBuildPhase;
			buildActionMask = 2147483647;
			files = (
				7ABBF1F023135408003DC9B5 /* LaunchScreen.storyboard in Resources */,
				7ABBF1ED23135408003DC9B5 /* Assets.xcassets in Resources */,
			);
			runOnlyForDeploymentPostprocessing = 0;
		};
/* End PBXResourcesBuildPhase section */

/* Begin PBXShellScriptBuildPhase section */
		78ED672B066EEDA88B775003 /* [CP] Embed Pods Frameworks */ = {
			isa = PBXShellScriptBuildPhase;
			buildActionMask = 2147483647;
			files = (
			);
			inputFileListPaths = (
				"${PODS_ROOT}/Target Support Files/Pods-HookahPlaces/Pods-HookahPlaces-frameworks-${CONFIGURATION}-input-files.xcfilelist",
			);
			name = "[CP] Embed Pods Frameworks";
			outputFileListPaths = (
				"${PODS_ROOT}/Target Support Files/Pods-HookahPlaces/Pods-HookahPlaces-frameworks-${CONFIGURATION}-output-files.xcfilelist",
			);
			runOnlyForDeploymentPostprocessing = 0;
			shellPath = /bin/sh;
			shellScript = "\"${PODS_ROOT}/Target Support Files/Pods-HookahPlaces/Pods-HookahPlaces-frameworks.sh\"\n";
			showEnvVarsInLog = 0;
		};
		B892C1FF7A30FDDB50DE707E /* [CP] Check Pods Manifest.lock */ = {
			isa = PBXShellScriptBuildPhase;
			buildActionMask = 2147483647;
			files = (
			);
			inputFileListPaths = (
			);
			inputPaths = (
				"${PODS_PODFILE_DIR_PATH}/Podfile.lock",
				"${PODS_ROOT}/Manifest.lock",
			);
			name = "[CP] Check Pods Manifest.lock";
			outputFileListPaths = (
			);
			outputPaths = (
				"$(DERIVED_FILE_DIR)/Pods-HookahPlaces-checkManifestLockResult.txt",
			);
			runOnlyForDeploymentPostprocessing = 0;
			shellPath = /bin/sh;
			shellScript = "diff \"${PODS_PODFILE_DIR_PATH}/Podfile.lock\" \"${PODS_ROOT}/Manifest.lock\" > /dev/null\nif [ $? != 0 ] ; then\n    # print error to STDERR\n    echo \"error: The sandbox is not in sync with the Podfile.lock. Run 'pod install' or update your CocoaPods installation.\" >&2\n    exit 1\nfi\n# This output is used by Xcode 'outputs' to avoid re-running this script phase.\necho \"SUCCESS\" > \"${SCRIPT_OUTPUT_FILE_0}\"\n";
			showEnvVarsInLog = 0;
		};
/* End PBXShellScriptBuildPhase section */

/* Begin PBXSourcesBuildPhase section */
		7ABBF1DE23135407003DC9B5 /* Sources */ = {
			isa = PBXSourcesBuildPhase;
			buildActionMask = 2147483647;
			files = (
				7A4842A2238C25C60002648E /* MainRatingView.swift in Sources */,
				7ABBF2022317EDE9003DC9B5 /* NavigationController.swift in Sources */,
				8689D84E2390EE7500FC3E84 /* DetailPlaceRatingCell.swift in Sources */,
				8689D84C2390E98800FC3E84 /* DetailPlaceCellProtocol.swift in Sources */,
				7A6B48522391959600F352C7 /* Font.swift in Sources */,
				7ABBF1FE2313605E003DC9B5 /* MainPlaceCell.swift in Sources */,
				7A94B576238DA7B2008B7AC2 /* PlacePointAnnotation.swift in Sources */,
				8689D85C2391019000FC3E84 /* DetailPlaceRatingViewModel.swift in Sources */,
				7AC50B6C238BA5DC00117C8D /* SettingsViewController.swift in Sources */,
				7A6B484323918F9E00F352C7 /* DetailPlaceAdditionalViewModel.swift in Sources */,
				7A6B48452391915700F352C7 /* PlaceAdditional.swift in Sources */,
				7AC50B6A238BA55600117C8D /* SearchPresenter.swift in Sources */,
				7A5A9A4B238B9C7D00795EEF /* SearchViewController.swift in Sources */,
				7A94B578238DA95B008B7AC2 /* LocationService.swift in Sources */,
				7A94B574238D7312008B7AC2 /* MapPlaceView.swift in Sources */,
				7ABBF200231693FD003DC9B5 /* Extensions.swift in Sources */,
				8689D8482390E80900FC3E84 /* DetailPlaceHeaderViewModel.swift in Sources */,
				7A5A9A4D238B9C9C00795EEF /* MainPresenter.swift in Sources */,
				7A6B485623919A4100F352C7 /* DetailPlaceMapViewModel.swift in Sources */,
				8689D8582390FC9300FC3E84 /* PrimaryButton.swift in Sources */,
				7A6B484123918E2700F352C7 /* DetailPlaceAdditionalDataCell.swift in Sources */,
				8689D8532390FA2100FC3E84 /* RatingPlace.swift in Sources */,
				7ABBF1E823135407003DC9B5 /* MainViewController.swift in Sources */,
				7A4842A5238C29690002648E /* Place.swift in Sources */,
				7A8CD878238F94C300B7109F /* DetailPlacePresenter.swift in Sources */,
				7ABBF1F823135560003DC9B5 /* TabBarController.swift in Sources */,
				7A02D6692392C1B100AF82D1 /* DetailPlaceInfoView.swift in Sources */,
				7A8CD87B238F967200B7109F /* DetailPlaceHeaderCell.swift in Sources */,
				7A94B569238CEF4A008B7AC2 /* MapPresenter.swift in Sources */,
				7ABBF1E623135407003DC9B5 /* AppDelegate.swift in Sources */,
				7A02D66523926C5F00AF82D1 /* UIColor.swift in Sources */,
				8689D84A2390E82E00FC3E84 /* DetailPlaceCellViewModelProtocol.swift in Sources */,
				7ABBF1FA23135652003DC9B5 /* Colors.swift in Sources */,
				7AC50B71238BAFA000117C8D /* MainDistanceView.swift in Sources */,
				8689D85A2390FD1200FC3E84 /* OutlinedButton.swift in Sources */,
				7A6B485423919A2C00F352C7 /* DetailPlaceMapCell.swift in Sources */,
				7A8CD876238F948600B7109F /* DetailPlaceViewController.swift in Sources */,
				7A94B57A238EADBE008B7AC2 /* TypeSortPlaces.swift in Sources */,
				8689D8512390F26B00FC3E84 /* ProgressRatingView.swift in Sources */,
				7AC50B6E238BA63000117C8D /* SettingsPresenter.swift in Sources */,
				7A4842A8238C2A890002648E /* RealmService.swift in Sources */,
				7A94B567238CEECE008B7AC2 /* MapViewController.swift in Sources */,
			);
			runOnlyForDeploymentPostprocessing = 0;
		};
/* End PBXSourcesBuildPhase section */

/* Begin PBXVariantGroup section */
		7ABBF1EE23135408003DC9B5 /* LaunchScreen.storyboard */ = {
			isa = PBXVariantGroup;
			children = (
				7ABBF1EF23135408003DC9B5 /* Base */,
			);
			name = LaunchScreen.storyboard;
			sourceTree = "<group>";
		};
/* End PBXVariantGroup section */

/* Begin XCBuildConfiguration section */
		7ABBF1F223135408003DC9B5 /* Debug */ = {
			isa = XCBuildConfiguration;
			buildSettings = {
				ALWAYS_SEARCH_USER_PATHS = NO;
				CLANG_ANALYZER_NONNULL = YES;
				CLANG_ANALYZER_NUMBER_OBJECT_CONVERSION = YES_AGGRESSIVE;
				CLANG_CXX_LANGUAGE_STANDARD = "gnu++14";
				CLANG_CXX_LIBRARY = "libc++";
				CLANG_ENABLE_MODULES = YES;
				CLANG_ENABLE_OBJC_ARC = YES;
				CLANG_ENABLE_OBJC_WEAK = YES;
				CLANG_WARN_BLOCK_CAPTURE_AUTORELEASING = YES;
				CLANG_WARN_BOOL_CONVERSION = YES;
				CLANG_WARN_COMMA = YES;
				CLANG_WARN_CONSTANT_CONVERSION = YES;
				CLANG_WARN_DEPRECATED_OBJC_IMPLEMENTATIONS = YES;
				CLANG_WARN_DIRECT_OBJC_ISA_USAGE = YES_ERROR;
				CLANG_WARN_DOCUMENTATION_COMMENTS = YES;
				CLANG_WARN_EMPTY_BODY = YES;
				CLANG_WARN_ENUM_CONVERSION = YES;
				CLANG_WARN_INFINITE_RECURSION = YES;
				CLANG_WARN_INT_CONVERSION = YES;
				CLANG_WARN_NON_LITERAL_NULL_CONVERSION = YES;
				CLANG_WARN_OBJC_IMPLICIT_RETAIN_SELF = YES;
				CLANG_WARN_OBJC_LITERAL_CONVERSION = YES;
				CLANG_WARN_OBJC_ROOT_CLASS = YES_ERROR;
				CLANG_WARN_RANGE_LOOP_ANALYSIS = YES;
				CLANG_WARN_STRICT_PROTOTYPES = YES;
				CLANG_WARN_SUSPICIOUS_MOVE = YES;
				CLANG_WARN_UNGUARDED_AVAILABILITY = YES_AGGRESSIVE;
				CLANG_WARN_UNREACHABLE_CODE = YES;
				CLANG_WARN__DUPLICATE_METHOD_MATCH = YES;
				CODE_SIGN_IDENTITY = "iPhone Developer";
				COPY_PHASE_STRIP = NO;
				DEBUG_INFORMATION_FORMAT = dwarf;
				ENABLE_STRICT_OBJC_MSGSEND = YES;
				ENABLE_TESTABILITY = YES;
				GCC_C_LANGUAGE_STANDARD = gnu11;
				GCC_DYNAMIC_NO_PIC = NO;
				GCC_NO_COMMON_BLOCKS = YES;
				GCC_OPTIMIZATION_LEVEL = 0;
				GCC_PREPROCESSOR_DEFINITIONS = (
					"DEBUG=1",
					"$(inherited)",
				);
				GCC_WARN_64_TO_32_BIT_CONVERSION = YES;
				GCC_WARN_ABOUT_RETURN_TYPE = YES_ERROR;
				GCC_WARN_UNDECLARED_SELECTOR = YES;
				GCC_WARN_UNINITIALIZED_AUTOS = YES_AGGRESSIVE;
				GCC_WARN_UNUSED_FUNCTION = YES;
				GCC_WARN_UNUSED_VARIABLE = YES;
				IPHONEOS_DEPLOYMENT_TARGET = 12.2;
				MTL_ENABLE_DEBUG_INFO = INCLUDE_SOURCE;
				MTL_FAST_MATH = YES;
				ONLY_ACTIVE_ARCH = YES;
				SDKROOT = iphoneos;
				SWIFT_ACTIVE_COMPILATION_CONDITIONS = DEBUG;
				SWIFT_OPTIMIZATION_LEVEL = "-Onone";
			};
			name = Debug;
		};
		7ABBF1F323135408003DC9B5 /* Release */ = {
			isa = XCBuildConfiguration;
			buildSettings = {
				ALWAYS_SEARCH_USER_PATHS = NO;
				CLANG_ANALYZER_NONNULL = YES;
				CLANG_ANALYZER_NUMBER_OBJECT_CONVERSION = YES_AGGRESSIVE;
				CLANG_CXX_LANGUAGE_STANDARD = "gnu++14";
				CLANG_CXX_LIBRARY = "libc++";
				CLANG_ENABLE_MODULES = YES;
				CLANG_ENABLE_OBJC_ARC = YES;
				CLANG_ENABLE_OBJC_WEAK = YES;
				CLANG_WARN_BLOCK_CAPTURE_AUTORELEASING = YES;
				CLANG_WARN_BOOL_CONVERSION = YES;
				CLANG_WARN_COMMA = YES;
				CLANG_WARN_CONSTANT_CONVERSION = YES;
				CLANG_WARN_DEPRECATED_OBJC_IMPLEMENTATIONS = YES;
				CLANG_WARN_DIRECT_OBJC_ISA_USAGE = YES_ERROR;
				CLANG_WARN_DOCUMENTATION_COMMENTS = YES;
				CLANG_WARN_EMPTY_BODY = YES;
				CLANG_WARN_ENUM_CONVERSION = YES;
				CLANG_WARN_INFINITE_RECURSION = YES;
				CLANG_WARN_INT_CONVERSION = YES;
				CLANG_WARN_NON_LITERAL_NULL_CONVERSION = YES;
				CLANG_WARN_OBJC_IMPLICIT_RETAIN_SELF = YES;
				CLANG_WARN_OBJC_LITERAL_CONVERSION = YES;
				CLANG_WARN_OBJC_ROOT_CLASS = YES_ERROR;
				CLANG_WARN_RANGE_LOOP_ANALYSIS = YES;
				CLANG_WARN_STRICT_PROTOTYPES = YES;
				CLANG_WARN_SUSPICIOUS_MOVE = YES;
				CLANG_WARN_UNGUARDED_AVAILABILITY = YES_AGGRESSIVE;
				CLANG_WARN_UNREACHABLE_CODE = YES;
				CLANG_WARN__DUPLICATE_METHOD_MATCH = YES;
				CODE_SIGN_IDENTITY = "iPhone Developer";
				COPY_PHASE_STRIP = NO;
				DEBUG_INFORMATION_FORMAT = "dwarf-with-dsym";
				ENABLE_NS_ASSERTIONS = NO;
				ENABLE_STRICT_OBJC_MSGSEND = YES;
				GCC_C_LANGUAGE_STANDARD = gnu11;
				GCC_NO_COMMON_BLOCKS = YES;
				GCC_WARN_64_TO_32_BIT_CONVERSION = YES;
				GCC_WARN_ABOUT_RETURN_TYPE = YES_ERROR;
				GCC_WARN_UNDECLARED_SELECTOR = YES;
				GCC_WARN_UNINITIALIZED_AUTOS = YES_AGGRESSIVE;
				GCC_WARN_UNUSED_FUNCTION = YES;
				GCC_WARN_UNUSED_VARIABLE = YES;
				IPHONEOS_DEPLOYMENT_TARGET = 12.2;
				MTL_ENABLE_DEBUG_INFO = NO;
				MTL_FAST_MATH = YES;
				SDKROOT = iphoneos;
				SWIFT_COMPILATION_MODE = wholemodule;
				SWIFT_OPTIMIZATION_LEVEL = "-O";
				VALIDATE_PRODUCT = YES;
			};
			name = Release;
		};
		7ABBF1F523135408003DC9B5 /* Debug */ = {
			isa = XCBuildConfiguration;
			baseConfigurationReference = 488D707BFB37BE3B288948A2 /* Pods-HookahPlaces.debug.xcconfig */;
			buildSettings = {
				ASSETCATALOG_COMPILER_APPICON_NAME = AppIcon;
				CODE_SIGN_STYLE = Automatic;
				DEVELOPMENT_TEAM = C859L9UR93;
				INFOPLIST_FILE = HookahPlaces/Info.plist;
				IPHONEOS_DEPLOYMENT_TARGET = 11.0;
				LD_RUNPATH_SEARCH_PATHS = (
					"$(inherited)",
					"@executable_path/Frameworks",
				);
				PRODUCT_BUNDLE_IDENTIFIER = ru.momotov.hookah;
				PRODUCT_NAME = "$(TARGET_NAME)";
				SWIFT_VERSION = 5.0;
				TARGETED_DEVICE_FAMILY = 1;
			};
			name = Debug;
		};
		7ABBF1F623135408003DC9B5 /* Release */ = {
			isa = XCBuildConfiguration;
			baseConfigurationReference = 591A602B1300C13596E8EAAA /* Pods-HookahPlaces.release.xcconfig */;
			buildSettings = {
				ASSETCATALOG_COMPILER_APPICON_NAME = AppIcon;
				CODE_SIGN_STYLE = Automatic;
				DEVELOPMENT_TEAM = C859L9UR93;
				INFOPLIST_FILE = HookahPlaces/Info.plist;
				IPHONEOS_DEPLOYMENT_TARGET = 11.0;
				LD_RUNPATH_SEARCH_PATHS = (
					"$(inherited)",
					"@executable_path/Frameworks",
				);
				PRODUCT_BUNDLE_IDENTIFIER = ru.momotov.hookah;
				PRODUCT_NAME = "$(TARGET_NAME)";
				SWIFT_VERSION = 5.0;
				TARGETED_DEVICE_FAMILY = 1;
			};
			name = Release;
		};
/* End XCBuildConfiguration section */

/* Begin XCConfigurationList section */
		7ABBF1DD23135407003DC9B5 /* Build configuration list for PBXProject "HookahPlaces" */ = {
			isa = XCConfigurationList;
			buildConfigurations = (
				7ABBF1F223135408003DC9B5 /* Debug */,
				7ABBF1F323135408003DC9B5 /* Release */,
			);
			defaultConfigurationIsVisible = 0;
			defaultConfigurationName = Release;
		};
		7ABBF1F423135408003DC9B5 /* Build configuration list for PBXNativeTarget "HookahPlaces" */ = {
			isa = XCConfigurationList;
			buildConfigurations = (
				7ABBF1F523135408003DC9B5 /* Debug */,
				7ABBF1F623135408003DC9B5 /* Release */,
			);
			defaultConfigurationIsVisible = 0;
			defaultConfigurationName = Release;
		};
/* End XCConfigurationList section */
	};
	rootObject = 7ABBF1DA23135407003DC9B5 /* Project object */;
}
